// !$*UTF8*$!
{
	archiveVersion = 1;
	classes = {
	};
	objectVersion = 56;
	objects = {

/* Begin PBXBuildFile section */
		0A4F82542BC1465200119796 /* SetNicknameViewController.swift in Sources */ = {isa = PBXBuildFile; fileRef = 0A4F82532BC1465200119796 /* SetNicknameViewController.swift */; };
		0A4F82562BC16CE400119796 /* UILabel+Extension.swift in Sources */ = {isa = PBXBuildFile; fileRef = 0A4F82552BC16CE400119796 /* UILabel+Extension.swift */; };
		0A4F82592BC17B1900119796 /* RankingViewController.swift in Sources */ = {isa = PBXBuildFile; fileRef = 0A4F82582BC17B1900119796 /* RankingViewController.swift */; };
		0A4F825B2BC183EF00119796 /* RankingTableViewCell.swift in Sources */ = {isa = PBXBuildFile; fileRef = 0A4F825A2BC183EF00119796 /* RankingTableViewCell.swift */; };
		0A4F825D2BC185C900119796 /* Pretendard-Medium.otf in Resources */ = {isa = PBXBuildFile; fileRef = 0A4F825C2BC185C900119796 /* Pretendard-Medium.otf */; };
		47CDEAF72BC107DC008382FD /* AppDelegate.swift in Sources */ = {isa = PBXBuildFile; fileRef = 47CDEAF62BC107DC008382FD /* AppDelegate.swift */; };
		47CDEAF92BC107DC008382FD /* SceneDelegate.swift in Sources */ = {isa = PBXBuildFile; fileRef = 47CDEAF82BC107DC008382FD /* SceneDelegate.swift */; };
		47CDEAFB2BC107DC008382FD /* HomeViewController.swift in Sources */ = {isa = PBXBuildFile; fileRef = 47CDEAFA2BC107DC008382FD /* HomeViewController.swift */; };
		47CDEB002BC107DF008382FD /* Assets.xcassets in Resources */ = {isa = PBXBuildFile; fileRef = 47CDEAFF2BC107DF008382FD /* Assets.xcassets */; };
		47CDEB032BC107DF008382FD /* Base in Resources */ = {isa = PBXBuildFile; fileRef = 47CDEB022BC107DF008382FD /* Base */; };
		47CDEB102BC109E1008382FD /* ReactorKit in Frameworks */ = {isa = PBXBuildFile; productRef = 47CDEB0F2BC109E1008382FD /* ReactorKit */; };
		47CDEB142BC10A05008382FD /* SnapKit in Frameworks */ = {isa = PBXBuildFile; productRef = 47CDEB132BC10A05008382FD /* SnapKit */; };
		47CDEB162BC10A05008382FD /* SnapKit-Dynamic in Frameworks */ = {isa = PBXBuildFile; productRef = 47CDEB152BC10A05008382FD /* SnapKit-Dynamic */; };
		47CDEB192BC10A10008382FD /* Then in Frameworks */ = {isa = PBXBuildFile; productRef = 47CDEB182BC10A10008382FD /* Then */; };
		47CDEB1C2BC10A21008382FD /* Kingfisher in Frameworks */ = {isa = PBXBuildFile; productRef = 47CDEB1B2BC10A21008382FD /* Kingfisher */; };
		47CDEB1F2BC12CF3008382FD /* QuestionViewController.swift in Sources */ = {isa = PBXBuildFile; fileRef = 47CDEB1E2BC12CF3008382FD /* QuestionViewController.swift */; };
		47CDEB212BC12D79008382FD /* QuestionReactor.swift in Sources */ = {isa = PBXBuildFile; fileRef = 47CDEB202BC12D79008382FD /* QuestionReactor.swift */; };
		47CDEB232BC12EAC008382FD /* RxCocoa in Frameworks */ = {isa = PBXBuildFile; productRef = 47CDEB222BC12EAC008382FD /* RxCocoa */; };
		47CDEB252BC12EAC008382FD /* RxCocoa-Dynamic in Frameworks */ = {isa = PBXBuildFile; productRef = 47CDEB242BC12EAC008382FD /* RxCocoa-Dynamic */; };
		47CDEB272BC12EAC008382FD /* RxRelay in Frameworks */ = {isa = PBXBuildFile; productRef = 47CDEB262BC12EAC008382FD /* RxRelay */; };
		47CDEB292BC12EAC008382FD /* RxRelay-Dynamic in Frameworks */ = {isa = PBXBuildFile; productRef = 47CDEB282BC12EAC008382FD /* RxRelay-Dynamic */; };
		47CDEB2B2BC12EAC008382FD /* RxSwift in Frameworks */ = {isa = PBXBuildFile; productRef = 47CDEB2A2BC12EAC008382FD /* RxSwift */; };
		47CDEB2D2BC12EAC008382FD /* RxSwift-Dynamic in Frameworks */ = {isa = PBXBuildFile; productRef = 47CDEB2C2BC12EAC008382FD /* RxSwift-Dynamic */; };
		47CDEB362BC13D41008382FD /* QuestionButton.swift in Sources */ = {isa = PBXBuildFile; fileRef = 47CDEB352BC13D41008382FD /* QuestionButton.swift */; };
		47CDEB3A2BC13E2E008382FD /* Question.swift in Sources */ = {isa = PBXBuildFile; fileRef = 47CDEB392BC13E2E008382FD /* Question.swift */; };
		47CDEB432BC14978008382FD /* UIFont.swift in Sources */ = {isa = PBXBuildFile; fileRef = 47CDEB422BC14978008382FD /* UIFont.swift */; };
		47CDEB442BC14F5C008382FD /* WAGURI.otf in Resources */ = {isa = PBXBuildFile; fileRef = 47CDEB3F2BC14937008382FD /* WAGURI.otf */; };
		47CDEB452BC14F5F008382FD /* OAGothic-ExtraBold.otf in Resources */ = {isa = PBXBuildFile; fileRef = 47CDEB3E2BC14936008382FD /* OAGothic-ExtraBold.otf */; };
		47CDEB462BC14F62008382FD /* OAGothic-Medium.otf in Resources */ = {isa = PBXBuildFile; fileRef = 47CDEB402BC14937008382FD /* OAGothic-Medium.otf */; };
		47CDEB4E2BC15708008382FD /* PaddingLabel.swift in Sources */ = {isa = PBXBuildFile; fileRef = 47CDEB4D2BC15708008382FD /* PaddingLabel.swift */; };
		47CDEB522BC1653E008382FD /* QuestionRequest.swift in Sources */ = {isa = PBXBuildFile; fileRef = 47CDEB512BC1653E008382FD /* QuestionRequest.swift */; };
		47CDEB562BC17C6D008382FD /* BaseAPI.swift in Sources */ = {isa = PBXBuildFile; fileRef = 47CDEB552BC17C6D008382FD /* BaseAPI.swift */; };
		47CDEB592BC17CC0008382FD /* MoyaProvider+Extensions.swift in Sources */ = {isa = PBXBuildFile; fileRef = 47CDEB582BC17CC0008382FD /* MoyaProvider+Extensions.swift */; };
		47CDEB5B2BC17D1D008382FD /* Moya in Frameworks */ = {isa = PBXBuildFile; productRef = 47CDEB5A2BC17D1D008382FD /* Moya */; };
		47CDEB5D2BC17D4B008382FD /* NetworkLogger.swift in Sources */ = {isa = PBXBuildFile; fileRef = 47CDEB5C2BC17D4B008382FD /* NetworkLogger.swift */; };
		47CDEB602BC17D90008382FD /* NameService.swift in Sources */ = {isa = PBXBuildFile; fileRef = 47CDEB5F2BC17D90008382FD /* NameService.swift */; };
		47CDEB622BC1807E008382FD /* NicknameResponse.swift in Sources */ = {isa = PBXBuildFile; fileRef = 47CDEB612BC1807E008382FD /* NicknameResponse.swift */; };
		47D8CA952BC19081001B6D19 /* TokenManager.swift in Sources */ = {isa = PBXBuildFile; fileRef = 47D8CA942BC19081001B6D19 /* TokenManager.swift */; };
/* End PBXBuildFile section */

/* Begin PBXFileReference section */
		0A4F82532BC1465200119796 /* SetNicknameViewController.swift */ = {isa = PBXFileReference; lastKnownFileType = sourcecode.swift; path = SetNicknameViewController.swift; sourceTree = "<group>"; };
		0A4F82552BC16CE400119796 /* UILabel+Extension.swift */ = {isa = PBXFileReference; lastKnownFileType = sourcecode.swift; path = "UILabel+Extension.swift"; sourceTree = "<group>"; };
		0A4F82582BC17B1900119796 /* RankingViewController.swift */ = {isa = PBXFileReference; lastKnownFileType = sourcecode.swift; path = RankingViewController.swift; sourceTree = "<group>"; };
		0A4F825A2BC183EF00119796 /* RankingTableViewCell.swift */ = {isa = PBXFileReference; lastKnownFileType = sourcecode.swift; path = RankingTableViewCell.swift; sourceTree = "<group>"; };
		0A4F825C2BC185C900119796 /* Pretendard-Medium.otf */ = {isa = PBXFileReference; lastKnownFileType = file; path = "Pretendard-Medium.otf"; sourceTree = "<group>"; };
		47CDEAF32BC107DC008382FD /* lock-or-lock.app */ = {isa = PBXFileReference; explicitFileType = wrapper.application; includeInIndex = 0; path = "lock-or-lock.app"; sourceTree = BUILT_PRODUCTS_DIR; };
		47CDEAF62BC107DC008382FD /* AppDelegate.swift */ = {isa = PBXFileReference; lastKnownFileType = sourcecode.swift; path = AppDelegate.swift; sourceTree = "<group>"; };
		47CDEAF82BC107DC008382FD /* SceneDelegate.swift */ = {isa = PBXFileReference; lastKnownFileType = sourcecode.swift; path = SceneDelegate.swift; sourceTree = "<group>"; };
		47CDEAFA2BC107DC008382FD /* HomeViewController.swift */ = {isa = PBXFileReference; lastKnownFileType = sourcecode.swift; path = HomeViewController.swift; sourceTree = "<group>"; };
		47CDEAFF2BC107DF008382FD /* Assets.xcassets */ = {isa = PBXFileReference; lastKnownFileType = folder.assetcatalog; path = Assets.xcassets; sourceTree = "<group>"; };
		47CDEB022BC107DF008382FD /* Base */ = {isa = PBXFileReference; lastKnownFileType = file.storyboard; name = Base; path = Base.lproj/LaunchScreen.storyboard; sourceTree = "<group>"; };
		47CDEB042BC107DF008382FD /* Info.plist */ = {isa = PBXFileReference; lastKnownFileType = text.plist.xml; path = Info.plist; sourceTree = "<group>"; };
		47CDEB1E2BC12CF3008382FD /* QuestionViewController.swift */ = {isa = PBXFileReference; lastKnownFileType = sourcecode.swift; path = QuestionViewController.swift; sourceTree = "<group>"; };
		47CDEB202BC12D79008382FD /* QuestionReactor.swift */ = {isa = PBXFileReference; lastKnownFileType = sourcecode.swift; path = QuestionReactor.swift; sourceTree = "<group>"; };
		47CDEB352BC13D41008382FD /* QuestionButton.swift */ = {isa = PBXFileReference; lastKnownFileType = sourcecode.swift; path = QuestionButton.swift; sourceTree = "<group>"; };
		47CDEB392BC13E2E008382FD /* Question.swift */ = {isa = PBXFileReference; lastKnownFileType = sourcecode.swift; path = Question.swift; sourceTree = "<group>"; };
		47CDEB3E2BC14936008382FD /* OAGothic-ExtraBold.otf */ = {isa = PBXFileReference; lastKnownFileType = file; path = "OAGothic-ExtraBold.otf"; sourceTree = "<group>"; };
		47CDEB3F2BC14937008382FD /* WAGURI.otf */ = {isa = PBXFileReference; lastKnownFileType = file; path = WAGURI.otf; sourceTree = "<group>"; };
		47CDEB402BC14937008382FD /* OAGothic-Medium.otf */ = {isa = PBXFileReference; lastKnownFileType = file; path = "OAGothic-Medium.otf"; sourceTree = "<group>"; };
		47CDEB422BC14978008382FD /* UIFont.swift */ = {isa = PBXFileReference; lastKnownFileType = sourcecode.swift; path = UIFont.swift; sourceTree = "<group>"; };
		47CDEB4D2BC15708008382FD /* PaddingLabel.swift */ = {isa = PBXFileReference; lastKnownFileType = sourcecode.swift; path = PaddingLabel.swift; sourceTree = "<group>"; };
		47CDEB512BC1653E008382FD /* QuestionRequest.swift */ = {isa = PBXFileReference; lastKnownFileType = sourcecode.swift; path = QuestionRequest.swift; sourceTree = "<group>"; };
		47CDEB552BC17C6D008382FD /* BaseAPI.swift */ = {isa = PBXFileReference; lastKnownFileType = sourcecode.swift; path = BaseAPI.swift; sourceTree = "<group>"; };
		47CDEB582BC17CC0008382FD /* MoyaProvider+Extensions.swift */ = {isa = PBXFileReference; lastKnownFileType = sourcecode.swift; path = "MoyaProvider+Extensions.swift"; sourceTree = "<group>"; };
		47CDEB5C2BC17D4B008382FD /* NetworkLogger.swift */ = {isa = PBXFileReference; lastKnownFileType = sourcecode.swift; path = NetworkLogger.swift; sourceTree = "<group>"; };
		47CDEB5F2BC17D90008382FD /* NameService.swift */ = {isa = PBXFileReference; lastKnownFileType = sourcecode.swift; path = NameService.swift; sourceTree = "<group>"; };
		47CDEB612BC1807E008382FD /* NicknameResponse.swift */ = {isa = PBXFileReference; lastKnownFileType = sourcecode.swift; path = NicknameResponse.swift; sourceTree = "<group>"; };
		47D8CA942BC19081001B6D19 /* TokenManager.swift */ = {isa = PBXFileReference; lastKnownFileType = sourcecode.swift; path = TokenManager.swift; sourceTree = "<group>"; };
/* End PBXFileReference section */

/* Begin PBXFrameworksBuildPhase section */
		47CDEAF02BC107DC008382FD /* Frameworks */ = {
			isa = PBXFrameworksBuildPhase;
			buildActionMask = 2147483647;
			files = (
				47CDEB232BC12EAC008382FD /* RxCocoa in Frameworks */,
				47CDEB2D2BC12EAC008382FD /* RxSwift-Dynamic in Frameworks */,
				47CDEB5B2BC17D1D008382FD /* Moya in Frameworks */,
				47CDEB252BC12EAC008382FD /* RxCocoa-Dynamic in Frameworks */,
				47CDEB2B2BC12EAC008382FD /* RxSwift in Frameworks */,
				47CDEB102BC109E1008382FD /* ReactorKit in Frameworks */,
				47CDEB142BC10A05008382FD /* SnapKit in Frameworks */,
				47CDEB162BC10A05008382FD /* SnapKit-Dynamic in Frameworks */,
				47CDEB192BC10A10008382FD /* Then in Frameworks */,
				47CDEB272BC12EAC008382FD /* RxRelay in Frameworks */,
				47CDEB1C2BC10A21008382FD /* Kingfisher in Frameworks */,
				47CDEB292BC12EAC008382FD /* RxRelay-Dynamic in Frameworks */,
			);
			runOnlyForDeploymentPostprocessing = 0;
		};
/* End PBXFrameworksBuildPhase section */

/* Begin PBXGroup section */
		0A4F82522BC1460600119796 /* Nickname */ = {
			isa = PBXGroup;
			children = (
				0A4F82532BC1465200119796 /* SetNicknameViewController.swift */,
			);
			path = Nickname;
			sourceTree = "<group>";
		};
		0A4F82572BC17B0C00119796 /* Ranking */ = {
			isa = PBXGroup;
			children = (
				0A4F82582BC17B1900119796 /* RankingViewController.swift */,
				0A4F825A2BC183EF00119796 /* RankingTableViewCell.swift */,
			);
			path = Ranking;
			sourceTree = "<group>";
		};
		47CDEAEA2BC107DC008382FD = {
			isa = PBXGroup;
			children = (
				47CDEAF52BC107DC008382FD /* lock-or-lock */,
				47CDEAF42BC107DC008382FD /* Products */,
			);
			sourceTree = "<group>";
		};
		47CDEAF42BC107DC008382FD /* Products */ = {
			isa = PBXGroup;
			children = (
				47CDEAF32BC107DC008382FD /* lock-or-lock.app */,
			);
			name = Products;
			sourceTree = "<group>";
		};
		47CDEAF52BC107DC008382FD /* lock-or-lock */ = {
			isa = PBXGroup;
			children = (
				47CDEB0A2BC108E4008382FD /* App */,
				47CDEB3B2BC14906008382FD /* Common */,
				47CDEB532BC17C2D008382FD /* Network */,
				47CDEB4F2BC1651B008382FD /* Data */,
				47CDEB372BC13E15008382FD /* Domain */,
				47CDEB0B2BC108F0008382FD /* Presentation */,
				47CDEB3D2BC14927008382FD /* Font */,
				47CDEB042BC107DF008382FD /* Info.plist */,
			);
			path = "lock-or-lock";
			sourceTree = "<group>";
		};
		47CDEB0A2BC108E4008382FD /* App */ = {
			isa = PBXGroup;
			children = (
				47CDEAF62BC107DC008382FD /* AppDelegate.swift */,
				47CDEAF82BC107DC008382FD /* SceneDelegate.swift */,
				47CDEAFF2BC107DF008382FD /* Assets.xcassets */,
				47CDEB012BC107DF008382FD /* LaunchScreen.storyboard */,
			);
			path = App;
			sourceTree = "<group>";
		};
		47CDEB0B2BC108F0008382FD /* Presentation */ = {
			isa = PBXGroup;
			children = (
				0A4F82572BC17B0C00119796 /* Ranking */,
				0A4F82522BC1460600119796 /* Nickname */,
				47CDEB0C2BC108F9008382FD /* Home */,
				47CDEB1D2BC12CDC008382FD /* Question */,
			);
			path = Presentation;
			sourceTree = "<group>";
		};
		47CDEB0C2BC108F9008382FD /* Home */ = {
			isa = PBXGroup;
			children = (
				47CDEAFA2BC107DC008382FD /* HomeViewController.swift */,
			);
			path = Home;
			sourceTree = "<group>";
		};
		47CDEB1D2BC12CDC008382FD /* Question */ = {
			isa = PBXGroup;
			children = (
				47CDEB2E2BC1315F008382FD /* SubViews */,
				47CDEB1E2BC12CF3008382FD /* QuestionViewController.swift */,
				47CDEB202BC12D79008382FD /* QuestionReactor.swift */,
			);
			path = Question;
			sourceTree = "<group>";
		};
		47CDEB2E2BC1315F008382FD /* SubViews */ = {
			isa = PBXGroup;
			children = (
				47CDEB352BC13D41008382FD /* QuestionButton.swift */,
			);
			path = SubViews;
			sourceTree = "<group>";
		};
		47CDEB372BC13E15008382FD /* Domain */ = {
			isa = PBXGroup;
			children = (
				47CDEB382BC13E1D008382FD /* Entity */,
			);
			path = Domain;
			sourceTree = "<group>";
		};
		47CDEB382BC13E1D008382FD /* Entity */ = {
			isa = PBXGroup;
			children = (
				47CDEB392BC13E2E008382FD /* Question.swift */,
			);
			path = Entity;
			sourceTree = "<group>";
		};
		47CDEB3B2BC14906008382FD /* Common */ = {
			isa = PBXGroup;
			children = (
				47CDEB4C2BC156FB008382FD /* Component */,
				47CDEB412BC1496E008382FD /* Extension */,
			);
			path = Common;
			sourceTree = "<group>";
		};
		47CDEB3D2BC14927008382FD /* Font */ = {
			isa = PBXGroup;
			children = (
				47CDEB3F2BC14937008382FD /* WAGURI.otf */,
				47CDEB3E2BC14936008382FD /* OAGothic-ExtraBold.otf */,
				0A4F825C2BC185C900119796 /* Pretendard-Medium.otf */,
				47CDEB402BC14937008382FD /* OAGothic-Medium.otf */,
			);
			path = Font;
			sourceTree = "<group>";
		};
		47CDEB412BC1496E008382FD /* Extension */ = {
			isa = PBXGroup;
			children = (
				47CDEB422BC14978008382FD /* UIFont.swift */,
				0A4F82552BC16CE400119796 /* UILabel+Extension.swift */,
			);
			path = Extension;
			sourceTree = "<group>";
		};
		47CDEB4C2BC156FB008382FD /* Component */ = {
			isa = PBXGroup;
			children = (
				47CDEB4D2BC15708008382FD /* PaddingLabel.swift */,
			);
			path = Component;
			sourceTree = "<group>";
		};
		47CDEB4F2BC1651B008382FD /* Data */ = {
			isa = PBXGroup;
			children = (
				47CDEB502BC16526008382FD /* DTO */,
			);
			path = Data;
			sourceTree = "<group>";
		};
		47CDEB502BC16526008382FD /* DTO */ = {
			isa = PBXGroup;
			children = (
				47CDEB512BC1653E008382FD /* QuestionRequest.swift */,
				47CDEB612BC1807E008382FD /* NicknameResponse.swift */,
			);
			path = DTO;
			sourceTree = "<group>";
		};
		47CDEB532BC17C2D008382FD /* Network */ = {
			isa = PBXGroup;
			children = (
				47CDEB542BC17C56008382FD /* API */,
				47CDEB572BC17C88008382FD /* Extension */,
				47CDEB5E2BC17D56008382FD /* Service */,
			);
			path = Network;
			sourceTree = "<group>";
		};
		47CDEB542BC17C56008382FD /* API */ = {
			isa = PBXGroup;
			children = (
				47CDEB552BC17C6D008382FD /* BaseAPI.swift */,
				47D8CA942BC19081001B6D19 /* TokenManager.swift */,
			);
			path = API;
			sourceTree = "<group>";
		};
		47CDEB572BC17C88008382FD /* Extension */ = {
			isa = PBXGroup;
			children = (
				47CDEB582BC17CC0008382FD /* MoyaProvider+Extensions.swift */,
				47CDEB5C2BC17D4B008382FD /* NetworkLogger.swift */,
			);
			path = Extension;
			sourceTree = "<group>";
		};
		47CDEB5E2BC17D56008382FD /* Service */ = {
			isa = PBXGroup;
			children = (
				47CDEB5F2BC17D90008382FD /* NameService.swift */,
			);
			path = Service;
			sourceTree = "<group>";
		};
/* End PBXGroup section */

/* Begin PBXNativeTarget section */
		47CDEAF22BC107DC008382FD /* lock-or-lock */ = {
			isa = PBXNativeTarget;
			buildConfigurationList = 47CDEB072BC107DF008382FD /* Build configuration list for PBXNativeTarget "lock-or-lock" */;
			buildPhases = (
				47CDEAEF2BC107DC008382FD /* Sources */,
				47CDEAF02BC107DC008382FD /* Frameworks */,
				47CDEAF12BC107DC008382FD /* Resources */,
			);
			buildRules = (
			);
			dependencies = (
			);
			name = "lock-or-lock";
			packageProductDependencies = (
				47CDEB0F2BC109E1008382FD /* ReactorKit */,
				47CDEB132BC10A05008382FD /* SnapKit */,
				47CDEB152BC10A05008382FD /* SnapKit-Dynamic */,
				47CDEB182BC10A10008382FD /* Then */,
				47CDEB1B2BC10A21008382FD /* Kingfisher */,
				47CDEB222BC12EAC008382FD /* RxCocoa */,
				47CDEB242BC12EAC008382FD /* RxCocoa-Dynamic */,
				47CDEB262BC12EAC008382FD /* RxRelay */,
				47CDEB282BC12EAC008382FD /* RxRelay-Dynamic */,
				47CDEB2A2BC12EAC008382FD /* RxSwift */,
				47CDEB2C2BC12EAC008382FD /* RxSwift-Dynamic */,
				47CDEB5A2BC17D1D008382FD /* Moya */,
			);
			productName = "lock-or-lock";
			productReference = 47CDEAF32BC107DC008382FD /* lock-or-lock.app */;
			productType = "com.apple.product-type.application";
		};
/* End PBXNativeTarget section */

/* Begin PBXProject section */
		47CDEAEB2BC107DC008382FD /* Project object */ = {
			isa = PBXProject;
			attributes = {
				BuildIndependentTargetsInParallel = 1;
				LastSwiftUpdateCheck = 1530;
				LastUpgradeCheck = 1530;
				TargetAttributes = {
					47CDEAF22BC107DC008382FD = {
						CreatedOnToolsVersion = 15.3;
					};
				};
			};
			buildConfigurationList = 47CDEAEE2BC107DC008382FD /* Build configuration list for PBXProject "lock-or-lock" */;
			compatibilityVersion = "Xcode 14.0";
			developmentRegion = en;
			hasScannedForEncodings = 0;
			knownRegions = (
				en,
				Base,
			);
			mainGroup = 47CDEAEA2BC107DC008382FD;
			packageReferences = (
				47CDEB0D2BC109D7008382FD /* XCRemoteSwiftPackageReference "RxSwift" */,
				47CDEB0E2BC109E1008382FD /* XCRemoteSwiftPackageReference "ReactorKit" */,
				47CDEB112BC109F8008382FD /* XCRemoteSwiftPackageReference "Moya" */,
				47CDEB122BC10A05008382FD /* XCRemoteSwiftPackageReference "SnapKit" */,
				47CDEB172BC10A10008382FD /* XCRemoteSwiftPackageReference "Then" */,
				47CDEB1A2BC10A21008382FD /* XCRemoteSwiftPackageReference "kingfisher" */,
			);
			productRefGroup = 47CDEAF42BC107DC008382FD /* Products */;
			projectDirPath = "";
			projectRoot = "";
			targets = (
				47CDEAF22BC107DC008382FD /* lock-or-lock */,
			);
		};
/* End PBXProject section */

/* Begin PBXResourcesBuildPhase section */
		47CDEAF12BC107DC008382FD /* Resources */ = {
			isa = PBXResourcesBuildPhase;
			buildActionMask = 2147483647;
			files = (
				47CDEB462BC14F62008382FD /* OAGothic-Medium.otf in Resources */,
				47CDEB452BC14F5F008382FD /* OAGothic-ExtraBold.otf in Resources */,
				47CDEB442BC14F5C008382FD /* WAGURI.otf in Resources */,
				47CDEB002BC107DF008382FD /* Assets.xcassets in Resources */,
				47CDEB032BC107DF008382FD /* Base in Resources */,
				0A4F825D2BC185C900119796 /* Pretendard-Medium.otf in Resources */,
			);
			runOnlyForDeploymentPostprocessing = 0;
		};
/* End PBXResourcesBuildPhase section */

/* Begin PBXSourcesBuildPhase section */
		47CDEAEF2BC107DC008382FD /* Sources */ = {
			isa = PBXSourcesBuildPhase;
			buildActionMask = 2147483647;
			files = (
				47CDEB5D2BC17D4B008382FD /* NetworkLogger.swift in Sources */,
				47CDEAFB2BC107DC008382FD /* HomeViewController.swift in Sources */,
				47CDEAF72BC107DC008382FD /* AppDelegate.swift in Sources */,
				0A4F825B2BC183EF00119796 /* RankingTableViewCell.swift in Sources */,
				0A4F82562BC16CE400119796 /* UILabel+Extension.swift in Sources */,
				47CDEB212BC12D79008382FD /* QuestionReactor.swift in Sources */,
				47CDEB362BC13D41008382FD /* QuestionButton.swift in Sources */,
				47CDEB432BC14978008382FD /* UIFont.swift in Sources */,
				47D8CA952BC19081001B6D19 /* TokenManager.swift in Sources */,
				47CDEB1F2BC12CF3008382FD /* QuestionViewController.swift in Sources */,
				47CDEB522BC1653E008382FD /* QuestionRequest.swift in Sources */,
				47CDEB4E2BC15708008382FD /* PaddingLabel.swift in Sources */,
				47CDEB3A2BC13E2E008382FD /* Question.swift in Sources */,
				47CDEAF92BC107DC008382FD /* SceneDelegate.swift in Sources */,
				0A4F82542BC1465200119796 /* SetNicknameViewController.swift in Sources */,
				0A4F82592BC17B1900119796 /* RankingViewController.swift in Sources */,
				47CDEB592BC17CC0008382FD /* MoyaProvider+Extensions.swift in Sources */,
				47CDEB602BC17D90008382FD /* NameService.swift in Sources */,
				47CDEB622BC1807E008382FD /* NicknameResponse.swift in Sources */,
				47CDEB562BC17C6D008382FD /* BaseAPI.swift in Sources */,
			);
			runOnlyForDeploymentPostprocessing = 0;
		};
/* End PBXSourcesBuildPhase section */

/* Begin PBXVariantGroup section */
		47CDEB012BC107DF008382FD /* LaunchScreen.storyboard */ = {
			isa = PBXVariantGroup;
			children = (
				47CDEB022BC107DF008382FD /* Base */,
			);
			name = LaunchScreen.storyboard;
			sourceTree = "<group>";
		};
/* End PBXVariantGroup section */

/* Begin XCBuildConfiguration section */
		47CDEB052BC107DF008382FD /* Debug */ = {
			isa = XCBuildConfiguration;
			buildSettings = {
				ALWAYS_SEARCH_USER_PATHS = NO;
				ASSETCATALOG_COMPILER_GENERATE_SWIFT_ASSET_SYMBOL_EXTENSIONS = YES;
				CLANG_ANALYZER_NONNULL = YES;
				CLANG_ANALYZER_NUMBER_OBJECT_CONVERSION = YES_AGGRESSIVE;
				CLANG_CXX_LANGUAGE_STANDARD = "gnu++20";
				CLANG_ENABLE_MODULES = YES;
				CLANG_ENABLE_OBJC_ARC = YES;
				CLANG_ENABLE_OBJC_WEAK = YES;
				CLANG_WARN_BLOCK_CAPTURE_AUTORELEASING = YES;
				CLANG_WARN_BOOL_CONVERSION = YES;
				CLANG_WARN_COMMA = YES;
				CLANG_WARN_CONSTANT_CONVERSION = YES;
				CLANG_WARN_DEPRECATED_OBJC_IMPLEMENTATIONS = YES;
				CLANG_WARN_DIRECT_OBJC_ISA_USAGE = YES_ERROR;
				CLANG_WARN_DOCUMENTATION_COMMENTS = YES;
				CLANG_WARN_EMPTY_BODY = YES;
				CLANG_WARN_ENUM_CONVERSION = YES;
				CLANG_WARN_INFINITE_RECURSION = YES;
				CLANG_WARN_INT_CONVERSION = YES;
				CLANG_WARN_NON_LITERAL_NULL_CONVERSION = YES;
				CLANG_WARN_OBJC_IMPLICIT_RETAIN_SELF = YES;
				CLANG_WARN_OBJC_LITERAL_CONVERSION = YES;
				CLANG_WARN_OBJC_ROOT_CLASS = YES_ERROR;
				CLANG_WARN_QUOTED_INCLUDE_IN_FRAMEWORK_HEADER = YES;
				CLANG_WARN_RANGE_LOOP_ANALYSIS = YES;
				CLANG_WARN_STRICT_PROTOTYPES = YES;
				CLANG_WARN_SUSPICIOUS_MOVE = YES;
				CLANG_WARN_UNGUARDED_AVAILABILITY = YES_AGGRESSIVE;
				CLANG_WARN_UNREACHABLE_CODE = YES;
				CLANG_WARN__DUPLICATE_METHOD_MATCH = YES;
				COPY_PHASE_STRIP = NO;
				DEBUG_INFORMATION_FORMAT = dwarf;
				ENABLE_STRICT_OBJC_MSGSEND = YES;
				ENABLE_TESTABILITY = YES;
				ENABLE_USER_SCRIPT_SANDBOXING = YES;
				GCC_C_LANGUAGE_STANDARD = gnu17;
				GCC_DYNAMIC_NO_PIC = NO;
				GCC_NO_COMMON_BLOCKS = YES;
				GCC_OPTIMIZATION_LEVEL = 0;
				GCC_PREPROCESSOR_DEFINITIONS = (
					"DEBUG=1",
					"$(inherited)",
				);
				GCC_WARN_64_TO_32_BIT_CONVERSION = YES;
				GCC_WARN_ABOUT_RETURN_TYPE = YES_ERROR;
				GCC_WARN_UNDECLARED_SELECTOR = YES;
				GCC_WARN_UNINITIALIZED_AUTOS = YES_AGGRESSIVE;
				GCC_WARN_UNUSED_FUNCTION = YES;
				GCC_WARN_UNUSED_VARIABLE = YES;
				IPHONEOS_DEPLOYMENT_TARGET = 17.4;
				LOCALIZATION_PREFERS_STRING_CATALOGS = YES;
				MTL_ENABLE_DEBUG_INFO = INCLUDE_SOURCE;
				MTL_FAST_MATH = YES;
				ONLY_ACTIVE_ARCH = YES;
				SDKROOT = iphoneos;
				SWIFT_ACTIVE_COMPILATION_CONDITIONS = "DEBUG $(inherited)";
				SWIFT_OPTIMIZATION_LEVEL = "-Onone";
			};
			name = Debug;
		};
		47CDEB062BC107DF008382FD /* Release */ = {
			isa = XCBuildConfiguration;
			buildSettings = {
				ALWAYS_SEARCH_USER_PATHS = NO;
				ASSETCATALOG_COMPILER_GENERATE_SWIFT_ASSET_SYMBOL_EXTENSIONS = YES;
				CLANG_ANALYZER_NONNULL = YES;
				CLANG_ANALYZER_NUMBER_OBJECT_CONVERSION = YES_AGGRESSIVE;
				CLANG_CXX_LANGUAGE_STANDARD = "gnu++20";
				CLANG_ENABLE_MODULES = YES;
				CLANG_ENABLE_OBJC_ARC = YES;
				CLANG_ENABLE_OBJC_WEAK = YES;
				CLANG_WARN_BLOCK_CAPTURE_AUTORELEASING = YES;
				CLANG_WARN_BOOL_CONVERSION = YES;
				CLANG_WARN_COMMA = YES;
				CLANG_WARN_CONSTANT_CONVERSION = YES;
				CLANG_WARN_DEPRECATED_OBJC_IMPLEMENTATIONS = YES;
				CLANG_WARN_DIRECT_OBJC_ISA_USAGE = YES_ERROR;
				CLANG_WARN_DOCUMENTATION_COMMENTS = YES;
				CLANG_WARN_EMPTY_BODY = YES;
				CLANG_WARN_ENUM_CONVERSION = YES;
				CLANG_WARN_INFINITE_RECURSION = YES;
				CLANG_WARN_INT_CONVERSION = YES;
				CLANG_WARN_NON_LITERAL_NULL_CONVERSION = YES;
				CLANG_WARN_OBJC_IMPLICIT_RETAIN_SELF = YES;
				CLANG_WARN_OBJC_LITERAL_CONVERSION = YES;
				CLANG_WARN_OBJC_ROOT_CLASS = YES_ERROR;
				CLANG_WARN_QUOTED_INCLUDE_IN_FRAMEWORK_HEADER = YES;
				CLANG_WARN_RANGE_LOOP_ANALYSIS = YES;
				CLANG_WARN_STRICT_PROTOTYPES = YES;
				CLANG_WARN_SUSPICIOUS_MOVE = YES;
				CLANG_WARN_UNGUARDED_AVAILABILITY = YES_AGGRESSIVE;
				CLANG_WARN_UNREACHABLE_CODE = YES;
				CLANG_WARN__DUPLICATE_METHOD_MATCH = YES;
				COPY_PHASE_STRIP = NO;
				DEBUG_INFORMATION_FORMAT = "dwarf-with-dsym";
				ENABLE_NS_ASSERTIONS = NO;
				ENABLE_STRICT_OBJC_MSGSEND = YES;
				ENABLE_USER_SCRIPT_SANDBOXING = YES;
				GCC_C_LANGUAGE_STANDARD = gnu17;
				GCC_NO_COMMON_BLOCKS = YES;
				GCC_WARN_64_TO_32_BIT_CONVERSION = YES;
				GCC_WARN_ABOUT_RETURN_TYPE = YES_ERROR;
				GCC_WARN_UNDECLARED_SELECTOR = YES;
				GCC_WARN_UNINITIALIZED_AUTOS = YES_AGGRESSIVE;
				GCC_WARN_UNUSED_FUNCTION = YES;
				GCC_WARN_UNUSED_VARIABLE = YES;
				IPHONEOS_DEPLOYMENT_TARGET = 17.4;
				LOCALIZATION_PREFERS_STRING_CATALOGS = YES;
				MTL_ENABLE_DEBUG_INFO = NO;
				MTL_FAST_MATH = YES;
				SDKROOT = iphoneos;
				SWIFT_COMPILATION_MODE = wholemodule;
				VALIDATE_PRODUCT = YES;
			};
			name = Release;
		};
		47CDEB082BC107DF008382FD /* Debug */ = {
			isa = XCBuildConfiguration;
			buildSettings = {
				ASSETCATALOG_COMPILER_APPICON_NAME = AppIcon;
				ASSETCATALOG_COMPILER_GLOBAL_ACCENT_COLOR_NAME = AccentColor;
				CODE_SIGN_STYLE = Automatic;
				CURRENT_PROJECT_VERSION = 1;
				GENERATE_INFOPLIST_FILE = YES;
				INFOPLIST_FILE = "lock-or-lock/Info.plist";
				INFOPLIST_KEY_UIApplicationSupportsIndirectInputEvents = YES;
				INFOPLIST_KEY_UILaunchStoryboardName = LaunchScreen;
				INFOPLIST_KEY_UISupportedInterfaceOrientations_iPad = "UIInterfaceOrientationPortrait UIInterfaceOrientationPortraitUpsideDown UIInterfaceOrientationLandscapeLeft UIInterfaceOrientationLandscapeRight";
				INFOPLIST_KEY_UISupportedInterfaceOrientations_iPhone = "UIInterfaceOrientationPortrait UIInterfaceOrientationLandscapeLeft UIInterfaceOrientationLandscapeRight";
				IPHONEOS_DEPLOYMENT_TARGET = 17.0;
				LD_RUNPATH_SEARCH_PATHS = (
					"$(inherited)",
					"@executable_path/Frameworks",
				);
				MARKETING_VERSION = 1.0;
				PRODUCT_BUNDLE_IDENTIFIER = "Unithon-Team4.lock-or-lock";
				PRODUCT_NAME = "$(TARGET_NAME)";
				SWIFT_EMIT_LOC_STRINGS = YES;
				SWIFT_VERSION = 5.0;
				TARGETED_DEVICE_FAMILY = "1,2";
			};
			name = Debug;
		};
		47CDEB092BC107DF008382FD /* Release */ = {
			isa = XCBuildConfiguration;
			buildSettings = {
				ASSETCATALOG_COMPILER_APPICON_NAME = AppIcon;
				ASSETCATALOG_COMPILER_GLOBAL_ACCENT_COLOR_NAME = AccentColor;
				CODE_SIGN_STYLE = Automatic;
				CURRENT_PROJECT_VERSION = 1;
				GENERATE_INFOPLIST_FILE = YES;
				INFOPLIST_FILE = "lock-or-lock/Info.plist";
				INFOPLIST_KEY_UIApplicationSupportsIndirectInputEvents = YES;
				INFOPLIST_KEY_UILaunchStoryboardName = LaunchScreen;
				INFOPLIST_KEY_UISupportedInterfaceOrientations_iPad = "UIInterfaceOrientationPortrait UIInterfaceOrientationPortraitUpsideDown UIInterfaceOrientationLandscapeLeft UIInterfaceOrientationLandscapeRight";
				INFOPLIST_KEY_UISupportedInterfaceOrientations_iPhone = "UIInterfaceOrientationPortrait UIInterfaceOrientationLandscapeLeft UIInterfaceOrientationLandscapeRight";
				IPHONEOS_DEPLOYMENT_TARGET = 17.0;
				LD_RUNPATH_SEARCH_PATHS = (
					"$(inherited)",
					"@executable_path/Frameworks",
				);
				MARKETING_VERSION = 1.0;
				PRODUCT_BUNDLE_IDENTIFIER = "Unithon-Team4.lock-or-lock";
				PRODUCT_NAME = "$(TARGET_NAME)";
				SWIFT_EMIT_LOC_STRINGS = YES;
				SWIFT_VERSION = 5.0;
				TARGETED_DEVICE_FAMILY = "1,2";
			};
			name = Release;
		};
/* End XCBuildConfiguration section */

/* Begin XCConfigurationList section */
		47CDEAEE2BC107DC008382FD /* Build configuration list for PBXProject "lock-or-lock" */ = {
			isa = XCConfigurationList;
			buildConfigurations = (
				47CDEB052BC107DF008382FD /* Debug */,
				47CDEB062BC107DF008382FD /* Release */,
			);
			defaultConfigurationIsVisible = 0;
			defaultConfigurationName = Release;
		};
		47CDEB072BC107DF008382FD /* Build configuration list for PBXNativeTarget "lock-or-lock" */ = {
			isa = XCConfigurationList;
			buildConfigurations = (
				47CDEB082BC107DF008382FD /* Debug */,
				47CDEB092BC107DF008382FD /* Release */,
			);
			defaultConfigurationIsVisible = 0;
			defaultConfigurationName = Release;
		};
/* End XCConfigurationList section */

/* Begin XCRemoteSwiftPackageReference section */
		47CDEB0D2BC109D7008382FD /* XCRemoteSwiftPackageReference "RxSwift" */ = {
			isa = XCRemoteSwiftPackageReference;
			repositoryURL = "https://github.com/ReactiveX/RxSwift";
			requirement = {
				kind = upToNextMajorVersion;
				minimumVersion = 6.6.0;
			};
		};
		47CDEB0E2BC109E1008382FD /* XCRemoteSwiftPackageReference "ReactorKit" */ = {
			isa = XCRemoteSwiftPackageReference;
			repositoryURL = "https://github.com/ReactorKit/ReactorKit";
			requirement = {
				kind = upToNextMajorVersion;
				minimumVersion = 3.2.0;
			};
		};
		47CDEB112BC109F8008382FD /* XCRemoteSwiftPackageReference "Moya" */ = {
			isa = XCRemoteSwiftPackageReference;
			repositoryURL = "https://github.com/Moya/Moya";
			requirement = {
				kind = upToNextMajorVersion;
				minimumVersion = 15.0.3;
			};
		};
		47CDEB122BC10A05008382FD /* XCRemoteSwiftPackageReference "SnapKit" */ = {
			isa = XCRemoteSwiftPackageReference;
			repositoryURL = "https://github.com/SnapKit/SnapKit.git";
			requirement = {
				kind = upToNextMajorVersion;
				minimumVersion = 5.7.1;
			};
		};
		47CDEB172BC10A10008382FD /* XCRemoteSwiftPackageReference "Then" */ = {
			isa = XCRemoteSwiftPackageReference;
			repositoryURL = "https://github.com/devxoul/Then.git";
			requirement = {
				kind = upToNextMajorVersion;
				minimumVersion = 3.0.0;
			};
		};
		47CDEB1A2BC10A21008382FD /* XCRemoteSwiftPackageReference "kingfisher" */ = {
			isa = XCRemoteSwiftPackageReference;
			repositoryURL = "https://github.com/onevcat/kingfisher";
			requirement = {
				kind = upToNextMajorVersion;
				minimumVersion = 7.11.0;
			};
		};
/* End XCRemoteSwiftPackageReference section */

/* Begin XCSwiftPackageProductDependency section */
		47CDEB0F2BC109E1008382FD /* ReactorKit */ = {
			isa = XCSwiftPackageProductDependency;
			package = 47CDEB0E2BC109E1008382FD /* XCRemoteSwiftPackageReference "ReactorKit" */;
			productName = ReactorKit;
		};
		47CDEB132BC10A05008382FD /* SnapKit */ = {
			isa = XCSwiftPackageProductDependency;
			package = 47CDEB122BC10A05008382FD /* XCRemoteSwiftPackageReference "SnapKit" */;
			productName = SnapKit;
		};
		47CDEB152BC10A05008382FD /* SnapKit-Dynamic */ = {
			isa = XCSwiftPackageProductDependency;
			package = 47CDEB122BC10A05008382FD /* XCRemoteSwiftPackageReference "SnapKit" */;
			productName = "SnapKit-Dynamic";
		};
		47CDEB182BC10A10008382FD /* Then */ = {
			isa = XCSwiftPackageProductDependency;
			package = 47CDEB172BC10A10008382FD /* XCRemoteSwiftPackageReference "Then" */;
			productName = Then;
		};
		47CDEB1B2BC10A21008382FD /* Kingfisher */ = {
			isa = XCSwiftPackageProductDependency;
			package = 47CDEB1A2BC10A21008382FD /* XCRemoteSwiftPackageReference "kingfisher" */;
			productName = Kingfisher;
		};
		47CDEB222BC12EAC008382FD /* RxCocoa */ = {
			isa = XCSwiftPackageProductDependency;
			package = 47CDEB0D2BC109D7008382FD /* XCRemoteSwiftPackageReference "RxSwift" */;
			productName = RxCocoa;
		};
		47CDEB242BC12EAC008382FD /* RxCocoa-Dynamic */ = {
			isa = XCSwiftPackageProductDependency;
			package = 47CDEB0D2BC109D7008382FD /* XCRemoteSwiftPackageReference "RxSwift" */;
			productName = "RxCocoa-Dynamic";
		};
		47CDEB262BC12EAC008382FD /* RxRelay */ = {
			isa = XCSwiftPackageProductDependency;
			package = 47CDEB0D2BC109D7008382FD /* XCRemoteSwiftPackageReference "RxSwift" */;
			productName = RxRelay;
		};
		47CDEB282BC12EAC008382FD /* RxRelay-Dynamic */ = {
			isa = XCSwiftPackageProductDependency;
			package = 47CDEB0D2BC109D7008382FD /* XCRemoteSwiftPackageReference "RxSwift" */;
			productName = "RxRelay-Dynamic";
		};
		47CDEB2A2BC12EAC008382FD /* RxSwift */ = {
			isa = XCSwiftPackageProductDependency;
			package = 47CDEB0D2BC109D7008382FD /* XCRemoteSwiftPackageReference "RxSwift" */;
			productName = RxSwift;
		};
		47CDEB2C2BC12EAC008382FD /* RxSwift-Dynamic */ = {
			isa = XCSwiftPackageProductDependency;
			package = 47CDEB0D2BC109D7008382FD /* XCRemoteSwiftPackageReference "RxSwift" */;
			productName = "RxSwift-Dynamic";
		};
		47CDEB5A2BC17D1D008382FD /* Moya */ = {
			isa = XCSwiftPackageProductDependency;
			package = 47CDEB112BC109F8008382FD /* XCRemoteSwiftPackageReference "Moya" */;
			productName = Moya;
		};
/* End XCSwiftPackageProductDependency section */
	};
	rootObject = 47CDEAEB2BC107DC008382FD /* Project object */;
}
